
Microsoft Visual Studio Solution File, Format Version 12.00
# Visual Studio Version 17
VisualStudioVersion = 17.1.32328.378
MinimumVisualStudioVersion = 10.0.40219.1
Project("{FAE04EC0-301F-11D3-BF4B-00C04F79EFBC}") = "vista", "venta\vista.csproj", "{05EA6AF4-6DC1-4089-B5E3-50B7D478CFA5}"
EndProject
Project("{FAE04EC0-301F-11D3-BF4B-00C04F79EFBC}") = "Modelo", "Modelo\Modelo.csproj", "{1B2A74BB-EF9A-4373-B039-C76711064A26}"
EndProject
Project("{FAE04EC0-301F-11D3-BF4B-00C04F79EFBC}") = "Controladora", "Controladora\Controladora.csproj", "{99E02920-76DC-4ED1-A082-74FD1DD90AAB}"
EndProject
Global
	GlobalSection(SolutionConfigurationPlatforms) = preSolution
		Debug|Any CPU = Debug|Any CPU
		Release|Any CPU = Release|Any CPU
	EndGlobalSection
	GlobalSection(ProjectConfigurationPlatforms) = postSolution
		{05EA6AF4-6DC1-4089-B5E3-50B7D478CFA5}.Debug|Any CPU.ActiveCfg = Debug|Any CPU
		{05EA6AF4-6DC1-4089-B5E3-50B7D478CFA5}.Debug|Any CPU.Build.0 = Debug|Any CPU
		{05EA6AF4-6DC1-4089-B5E3-50B7D478CFA5}.Release|Any CPU.ActiveCfg = Release|Any CPU
		{05EA6AF4-6DC1-4089-B5E3-50B7D478CFA5}.Release|Any CPU.Build.0 = Release|Any CPU
		{1B2A74BB-EF9A-4373-B039-C76711064A26}.Debug|Any CPU.ActiveCfg = Debug|Any CPU
		{1B2A74BB-EF9A-4373-B039-C76711064A26}.Debug|Any CPU.Build.0 = Debug|Any CPU
		{1B2A74BB-EF9A-4373-B039-C76711064A26}.Release|Any CPU.ActiveCfg = Release|Any CPU
		{1B2A74BB-EF9A-4373-B039-C76711064A26}.Release|Any CPU.Build.0 = Release|Any CPU
		{99E02920-76DC-4ED1-A082-74FD1DD90AAB}.Debug|Any CPU.ActiveCfg = Debug|Any CPU
		{99E02920-76DC-4ED1-A082-74FD1DD90AAB}.Debug|Any CPU.Build.0 = Debug|Any CPU
		{99E02920-76DC-4ED1-A082-74FD1DD90AAB}.Release|Any CPU.ActiveCfg = Release|Any CPU
		{99E02920-76DC-4ED1-A082-74FD1DD90AAB}.Release|Any CPU.Build.0 = Release|Any CPU
	EndGlobalSection
	GlobalSection(SolutionProperties) = preSolution
		HideSolutionNode = FALSE
	EndGlobalSection
	GlobalSection(ExtensibilityGlobals) = postSolution
		SolutionGuid = {4775CAF0-0617-44E4-B6C2-A1250DB7429A}
	EndGlobalSection
EndGlobal
